{
  "name": "ajs-3.platformsnode1",
  "version": "1.0.0",
  "lockfileVersion": 2,
  "requires": true,
  "packages": {
    "": {
      "name": "ajs-3.platformsnode1",
      "version": "1.0.0",
      "license": "ISC",
      "dependencies": {
        "@marinadrugina/ajs-3.platforms1": "^1.0.0"
      }
    },
    "node_modules/@marinadrugina/ajs-3.platforms1": {
      "version": "1.0.0",
      "resolved": "https://npm.pkg.github.com/download/@marinadrugina/ajs-3.platforms1/1.0.0/d9012c0bac02f060fafab32c7e1e7868f6c74565",
      "integrity": "sha512-wsirfUhW2VaPSZt2uyxiCzatemGlo/3R+MExp+yEbUiGZOYDDrPzOsV44Q98Ml69kr+GQ8stidL0wY3rP4IElA==",
      "license": "ISC"
    }
  },
  "dependencies": {
    "@marinadrugina/ajs-3.platforms1": {
      "version": "1.0.0",
      "resolved": "https://npm.pkg.github.com/download/@marinadrugina/ajs-3.platforms1/1.0.0/d9012c0bac02f060fafab32c7e1e7868f6c74565",
      "integrity": "sha512-wsirfUhW2VaPSZt2uyxiCzatemGlo/3R+MExp+yEbUiGZOYDDrPzOsV44Q98Ml69kr+GQ8stidL0wY3rP4IElA=="
    }
  }
}
